
Microsoft Visual Studio Solution File, Format Version 12.00
# Visual Studio Version 16
VisualStudioVersion = 16.0.30804.86
MinimumVisualStudioVersion = 10.0.40219.1
Project("{9A19103F-16F7-4668-BE54-9A1E7A4F7556}") = "Day01", "Day01\Day01.csproj", "{3AD1F047-B3A2-44DD-B86A-7C962382680D}"
EndProject
Project("{9A19103F-16F7-4668-BE54-9A1E7A4F7556}") = "Day02", "Day02\Day02.csproj", "{EF85DA30-9DAC-416D-9A43-713C06A74109}"
EndProject
Project("{9A19103F-16F7-4668-BE54-9A1E7A4F7556}") = "Day03", "Day03\Day03.csproj", "{74958B9D-B0BC-4924-A799-50F65619C753}"
EndProject
Project("{9A19103F-16F7-4668-BE54-9A1E7A4F7556}") = "Day04", "Day04\Day04.csproj", "{36B9C5BC-CBF8-4525-BB38-838A80108CA7}"
EndProject
Project("{9A19103F-16F7-4668-BE54-9A1E7A4F7556}") = "Day05", "Day05\Day05.csproj", "{6BA674E8-0B1C-4C6C-9317-31BF1139A7E7}"
EndProject
Project("{9A19103F-16F7-4668-BE54-9A1E7A4F7556}") = "Day06", "Day06\Day06.csproj", "{888D37C8-D2FE-4354-9195-727C02FC2FF9}"
EndProject
Project("{9A19103F-16F7-4668-BE54-9A1E7A4F7556}") = "Day07", "Day07\Day07.csproj", "{8613F9D1-DF9B-4ECE-8E52-CB79B473880D}"
EndProject
Project("{9A19103F-16F7-4668-BE54-9A1E7A4F7556}") = "Day08", "Day08\Day08.csproj", "{01128818-8C02-4ED2-BB6E-46364131DF22}"
EndProject
Project("{9A19103F-16F7-4668-BE54-9A1E7A4F7556}") = "Exercise21", "Exercise21\Exercise21.csproj", "{59E84A69-BA4B-43D0-BF65-CF6B841E3727}"
EndProject
Project("{9A19103F-16F7-4668-BE54-9A1E7A4F7556}") = "Recap01", "Recap01\Recap01.csproj", "{454987A8-B904-4D45-94F6-0FB2E25C4FE4}"
EndProject
Project("{9A19103F-16F7-4668-BE54-9A1E7A4F7556}") = "Day09", "Day09\Day09.csproj", "{8142B70E-4071-4CF7-9AAA-473DA49A2479}"
EndProject
Project("{9A19103F-16F7-4668-BE54-9A1E7A4F7556}") = "Exercise42", "Exercise42\Exercise42.csproj", "{33EF2183-A45F-4E7A-960D-0092EEA11168}"
EndProject
Project("{9A19103F-16F7-4668-BE54-9A1E7A4F7556}") = "Day10", "Day10\Day10.csproj", "{D4B68E7C-F1E9-4264-A8D1-7A736BFAB3FD}"
EndProject
Project("{9A19103F-16F7-4668-BE54-9A1E7A4F7556}") = "Day11", "Day11\Day11.csproj", "{FBE16C4B-6CBC-490A-88CE-FCF0E21299C5}"
EndProject
Project("{9A19103F-16F7-4668-BE54-9A1E7A4F7556}") = "Day12", "Day12\Day12.csproj", "{AB67D8B0-39D5-45E4-AF8F-27CF21091CEA}"
EndProject
Project("{9A19103F-16F7-4668-BE54-9A1E7A4F7556}") = "Day12b", "Day12b\Day12b.csproj", "{EB2C22C0-C6DC-49DC-92A9-BA08537267C4}"
EndProject
Project("{9A19103F-16F7-4668-BE54-9A1E7A4F7556}") = "Exercise52", "Exercise52\Exercise52.csproj", "{7F1A7029-0927-44E0-97D3-147BF719F9A2}"
EndProject
Project("{9A19103F-16F7-4668-BE54-9A1E7A4F7556}") = "Day13", "Day13\Day13.csproj", "{96ADE6C7-0564-4D57-91C2-78CE3BA207F7}"
EndProject
Project("{9A19103F-16F7-4668-BE54-9A1E7A4F7556}") = "MockAssessment2", "MockAssessment2\MockAssessment2.csproj", "{95E6CB2A-AE5F-46D2-BDC0-8F76CDBEF504}"
EndProject
Project("{9A19103F-16F7-4668-BE54-9A1E7A4F7556}") = "Day14", "Day14\Day14.csproj", "{F26585F3-08EF-4C52-94DF-2F2274C7D1F3}"
EndProject
Project("{9A19103F-16F7-4668-BE54-9A1E7A4F7556}") = "Assessment2a", "Assessment2a\Assessment2a.csproj", "{3B55570C-D53F-4E99-A78E-5BEB159AEB5A}"
EndProject
Project("{9A19103F-16F7-4668-BE54-9A1E7A4F7556}") = "Day15", "Day15\Day15.csproj", "{39C2ADEF-23B1-40DB-8238-1C3467E0B806}"
EndProject
Project("{9A19103F-16F7-4668-BE54-9A1E7A4F7556}") = "MockAssessment3", "MockAssessment3\MockAssessment3.csproj", "{A0F2FDEB-8321-4CDC-A5AF-85450430E716}"
EndProject
Project("{9A19103F-16F7-4668-BE54-9A1E7A4F7556}") = "Day16", "Day16\Day16.csproj", "{0ACD0C65-4CB2-4272-9CB3-082C7ABFE783}"
EndProject
Project("{9A19103F-16F7-4668-BE54-9A1E7A4F7556}") = "Day17", "Day17\Day17.csproj", "{C377D3F6-D54F-4632-9885-C3F89E850EAA}"
EndProject
Project("{9A19103F-16F7-4668-BE54-9A1E7A4F7556}") = "Day17.Tests", "Day17.Tests\Day17.Tests.csproj", "{9BE3F5E0-92CA-4E3F-9131-5C8D8DEB740A}"
EndProject
Project("{FAE04EC0-301F-11D3-BF4B-00C04F79EFBC}") = "Bonus1", "Bonus1\Bonus1.csproj", "{08D53835-2E04-4E71-B395-CA4F567ED26C}"
EndProject
Project("{FAE04EC0-301F-11D3-BF4B-00C04F79EFBC}") = "Bonus1.Tests", "Bonus1.Tests\Bonus1.Tests.csproj", "{853AE0BD-05B5-472E-AF7D-7A7F918E808A}"
EndProject
Global
	GlobalSection(SolutionConfigurationPlatforms) = preSolution
		Debug|Any CPU = Debug|Any CPU
		Release|Any CPU = Release|Any CPU
	EndGlobalSection
	GlobalSection(ProjectConfigurationPlatforms) = postSolution
		{3AD1F047-B3A2-44DD-B86A-7C962382680D}.Debug|Any CPU.ActiveCfg = Debug|Any CPU
		{3AD1F047-B3A2-44DD-B86A-7C962382680D}.Debug|Any CPU.Build.0 = Debug|Any CPU
		{3AD1F047-B3A2-44DD-B86A-7C962382680D}.Release|Any CPU.ActiveCfg = Release|Any CPU
		{3AD1F047-B3A2-44DD-B86A-7C962382680D}.Release|Any CPU.Build.0 = Release|Any CPU
		{EF85DA30-9DAC-416D-9A43-713C06A74109}.Debug|Any CPU.ActiveCfg = Debug|Any CPU
		{EF85DA30-9DAC-416D-9A43-713C06A74109}.Debug|Any CPU.Build.0 = Debug|Any CPU
		{EF85DA30-9DAC-416D-9A43-713C06A74109}.Release|Any CPU.ActiveCfg = Release|Any CPU
		{EF85DA30-9DAC-416D-9A43-713C06A74109}.Release|Any CPU.Build.0 = Release|Any CPU
		{74958B9D-B0BC-4924-A799-50F65619C753}.Debug|Any CPU.ActiveCfg = Debug|Any CPU
		{74958B9D-B0BC-4924-A799-50F65619C753}.Debug|Any CPU.Build.0 = Debug|Any CPU
		{74958B9D-B0BC-4924-A799-50F65619C753}.Release|Any CPU.ActiveCfg = Release|Any CPU
		{74958B9D-B0BC-4924-A799-50F65619C753}.Release|Any CPU.Build.0 = Release|Any CPU
		{36B9C5BC-CBF8-4525-BB38-838A80108CA7}.Debug|Any CPU.ActiveCfg = Debug|Any CPU
		{36B9C5BC-CBF8-4525-BB38-838A80108CA7}.Debug|Any CPU.Build.0 = Debug|Any CPU
		{36B9C5BC-CBF8-4525-BB38-838A80108CA7}.Release|Any CPU.ActiveCfg = Release|Any CPU
		{36B9C5BC-CBF8-4525-BB38-838A80108CA7}.Release|Any CPU.Build.0 = Release|Any CPU
		{6BA674E8-0B1C-4C6C-9317-31BF1139A7E7}.Debug|Any CPU.ActiveCfg = Debug|Any CPU
		{6BA674E8-0B1C-4C6C-9317-31BF1139A7E7}.Debug|Any CPU.Build.0 = Debug|Any CPU
		{6BA674E8-0B1C-4C6C-9317-31BF1139A7E7}.Release|Any CPU.ActiveCfg = Release|Any CPU
		{6BA674E8-0B1C-4C6C-9317-31BF1139A7E7}.Release|Any CPU.Build.0 = Release|Any CPU
		{888D37C8-D2FE-4354-9195-727C02FC2FF9}.Debug|Any CPU.ActiveCfg = Debug|Any CPU
		{888D37C8-D2FE-4354-9195-727C02FC2FF9}.Debug|Any CPU.Build.0 = Debug|Any CPU
		{888D37C8-D2FE-4354-9195-727C02FC2FF9}.Release|Any CPU.ActiveCfg = Release|Any CPU
		{888D37C8-D2FE-4354-9195-727C02FC2FF9}.Release|Any CPU.Build.0 = Release|Any CPU
		{8613F9D1-DF9B-4ECE-8E52-CB79B473880D}.Debug|Any CPU.ActiveCfg = Debug|Any CPU
		{8613F9D1-DF9B-4ECE-8E52-CB79B473880D}.Debug|Any CPU.Build.0 = Debug|Any CPU
		{8613F9D1-DF9B-4ECE-8E52-CB79B473880D}.Release|Any CPU.ActiveCfg = Release|Any CPU
		{8613F9D1-DF9B-4ECE-8E52-CB79B473880D}.Release|Any CPU.Build.0 = Release|Any CPU
		{01128818-8C02-4ED2-BB6E-46364131DF22}.Debug|Any CPU.ActiveCfg = Debug|Any CPU
		{01128818-8C02-4ED2-BB6E-46364131DF22}.Debug|Any CPU.Build.0 = Debug|Any CPU
		{01128818-8C02-4ED2-BB6E-46364131DF22}.Release|Any CPU.ActiveCfg = Release|Any CPU
		{01128818-8C02-4ED2-BB6E-46364131DF22}.Release|Any CPU.Build.0 = Release|Any CPU
		{59E84A69-BA4B-43D0-BF65-CF6B841E3727}.Debug|Any CPU.ActiveCfg = Debug|Any CPU
		{59E84A69-BA4B-43D0-BF65-CF6B841E3727}.Debug|Any CPU.Build.0 = Debug|Any CPU
		{59E84A69-BA4B-43D0-BF65-CF6B841E3727}.Release|Any CPU.ActiveCfg = Release|Any CPU
		{59E84A69-BA4B-43D0-BF65-CF6B841E3727}.Release|Any CPU.Build.0 = Release|Any CPU
		{454987A8-B904-4D45-94F6-0FB2E25C4FE4}.Debug|Any CPU.ActiveCfg = Debug|Any CPU
		{454987A8-B904-4D45-94F6-0FB2E25C4FE4}.Debug|Any CPU.Build.0 = Debug|Any CPU
		{454987A8-B904-4D45-94F6-0FB2E25C4FE4}.Release|Any CPU.ActiveCfg = Release|Any CPU
		{454987A8-B904-4D45-94F6-0FB2E25C4FE4}.Release|Any CPU.Build.0 = Release|Any CPU
		{8142B70E-4071-4CF7-9AAA-473DA49A2479}.Debug|Any CPU.ActiveCfg = Debug|Any CPU
		{8142B70E-4071-4CF7-9AAA-473DA49A2479}.Debug|Any CPU.Build.0 = Debug|Any CPU
		{8142B70E-4071-4CF7-9AAA-473DA49A2479}.Release|Any CPU.ActiveCfg = Release|Any CPU
		{8142B70E-4071-4CF7-9AAA-473DA49A2479}.Release|Any CPU.Build.0 = Release|Any CPU
		{33EF2183-A45F-4E7A-960D-0092EEA11168}.Debug|Any CPU.ActiveCfg = Debug|Any CPU
		{33EF2183-A45F-4E7A-960D-0092EEA11168}.Debug|Any CPU.Build.0 = Debug|Any CPU
		{33EF2183-A45F-4E7A-960D-0092EEA11168}.Release|Any CPU.ActiveCfg = Release|Any CPU
		{33EF2183-A45F-4E7A-960D-0092EEA11168}.Release|Any CPU.Build.0 = Release|Any CPU
		{D4B68E7C-F1E9-4264-A8D1-7A736BFAB3FD}.Debug|Any CPU.ActiveCfg = Debug|Any CPU
		{D4B68E7C-F1E9-4264-A8D1-7A736BFAB3FD}.Debug|Any CPU.Build.0 = Debug|Any CPU
		{D4B68E7C-F1E9-4264-A8D1-7A736BFAB3FD}.Release|Any CPU.ActiveCfg = Release|Any CPU
		{D4B68E7C-F1E9-4264-A8D1-7A736BFAB3FD}.Release|Any CPU.Build.0 = Release|Any CPU
		{FBE16C4B-6CBC-490A-88CE-FCF0E21299C5}.Debug|Any CPU.ActiveCfg = Debug|Any CPU
		{FBE16C4B-6CBC-490A-88CE-FCF0E21299C5}.Debug|Any CPU.Build.0 = Debug|Any CPU
		{FBE16C4B-6CBC-490A-88CE-FCF0E21299C5}.Release|Any CPU.ActiveCfg = Release|Any CPU
		{FBE16C4B-6CBC-490A-88CE-FCF0E21299C5}.Release|Any CPU.Build.0 = Release|Any CPU
		{AB67D8B0-39D5-45E4-AF8F-27CF21091CEA}.Debug|Any CPU.ActiveCfg = Debug|Any CPU
		{AB67D8B0-39D5-45E4-AF8F-27CF21091CEA}.Debug|Any CPU.Build.0 = Debug|Any CPU
		{AB67D8B0-39D5-45E4-AF8F-27CF21091CEA}.Release|Any CPU.ActiveCfg = Release|Any CPU
		{AB67D8B0-39D5-45E4-AF8F-27CF21091CEA}.Release|Any CPU.Build.0 = Release|Any CPU
		{EB2C22C0-C6DC-49DC-92A9-BA08537267C4}.Debug|Any CPU.ActiveCfg = Debug|Any CPU
		{EB2C22C0-C6DC-49DC-92A9-BA08537267C4}.Debug|Any CPU.Build.0 = Debug|Any CPU
		{EB2C22C0-C6DC-49DC-92A9-BA08537267C4}.Release|Any CPU.ActiveCfg = Release|Any CPU
		{EB2C22C0-C6DC-49DC-92A9-BA08537267C4}.Release|Any CPU.Build.0 = Release|Any CPU
		{7F1A7029-0927-44E0-97D3-147BF719F9A2}.Debug|Any CPU.ActiveCfg = Debug|Any CPU
		{7F1A7029-0927-44E0-97D3-147BF719F9A2}.Debug|Any CPU.Build.0 = Debug|Any CPU
		{7F1A7029-0927-44E0-97D3-147BF719F9A2}.Release|Any CPU.ActiveCfg = Release|Any CPU
		{7F1A7029-0927-44E0-97D3-147BF719F9A2}.Release|Any CPU.Build.0 = Release|Any CPU
		{96ADE6C7-0564-4D57-91C2-78CE3BA207F7}.Debug|Any CPU.ActiveCfg = Debug|Any CPU
		{96ADE6C7-0564-4D57-91C2-78CE3BA207F7}.Debug|Any CPU.Build.0 = Debug|Any CPU
		{96ADE6C7-0564-4D57-91C2-78CE3BA207F7}.Release|Any CPU.ActiveCfg = Release|Any CPU
		{96ADE6C7-0564-4D57-91C2-78CE3BA207F7}.Release|Any CPU.Build.0 = Release|Any CPU
		{95E6CB2A-AE5F-46D2-BDC0-8F76CDBEF504}.Debug|Any CPU.ActiveCfg = Debug|Any CPU
		{95E6CB2A-AE5F-46D2-BDC0-8F76CDBEF504}.Debug|Any CPU.Build.0 = Debug|Any CPU
		{95E6CB2A-AE5F-46D2-BDC0-8F76CDBEF504}.Release|Any CPU.ActiveCfg = Release|Any CPU
		{95E6CB2A-AE5F-46D2-BDC0-8F76CDBEF504}.Release|Any CPU.Build.0 = Release|Any CPU
		{F26585F3-08EF-4C52-94DF-2F2274C7D1F3}.Debug|Any CPU.ActiveCfg = Debug|Any CPU
		{F26585F3-08EF-4C52-94DF-2F2274C7D1F3}.Debug|Any CPU.Build.0 = Debug|Any CPU
		{F26585F3-08EF-4C52-94DF-2F2274C7D1F3}.Release|Any CPU.ActiveCfg = Release|Any CPU
		{F26585F3-08EF-4C52-94DF-2F2274C7D1F3}.Release|Any CPU.Build.0 = Release|Any CPU
		{3B55570C-D53F-4E99-A78E-5BEB159AEB5A}.Debug|Any CPU.ActiveCfg = Debug|Any CPU
		{3B55570C-D53F-4E99-A78E-5BEB159AEB5A}.Debug|Any CPU.Build.0 = Debug|Any CPU
		{3B55570C-D53F-4E99-A78E-5BEB159AEB5A}.Release|Any CPU.ActiveCfg = Release|Any CPU
		{3B55570C-D53F-4E99-A78E-5BEB159AEB5A}.Release|Any CPU.Build.0 = Release|Any CPU
		{39C2ADEF-23B1-40DB-8238-1C3467E0B806}.Debug|Any CPU.ActiveCfg = Debug|Any CPU
		{39C2ADEF-23B1-40DB-8238-1C3467E0B806}.Debug|Any CPU.Build.0 = Debug|Any CPU
		{39C2ADEF-23B1-40DB-8238-1C3467E0B806}.Release|Any CPU.ActiveCfg = Release|Any CPU
		{39C2ADEF-23B1-40DB-8238-1C3467E0B806}.Release|Any CPU.Build.0 = Release|Any CPU
		{A0F2FDEB-8321-4CDC-A5AF-85450430E716}.Debug|Any CPU.ActiveCfg = Debug|Any CPU
		{A0F2FDEB-8321-4CDC-A5AF-85450430E716}.Debug|Any CPU.Build.0 = Debug|Any CPU
		{A0F2FDEB-8321-4CDC-A5AF-85450430E716}.Release|Any CPU.ActiveCfg = Release|Any CPU
		{A0F2FDEB-8321-4CDC-A5AF-85450430E716}.Release|Any CPU.Build.0 = Release|Any CPU
		{0ACD0C65-4CB2-4272-9CB3-082C7ABFE783}.Debug|Any CPU.ActiveCfg = Debug|Any CPU
		{0ACD0C65-4CB2-4272-9CB3-082C7ABFE783}.Debug|Any CPU.Build.0 = Debug|Any CPU
		{0ACD0C65-4CB2-4272-9CB3-082C7ABFE783}.Release|Any CPU.ActiveCfg = Release|Any CPU
		{0ACD0C65-4CB2-4272-9CB3-082C7ABFE783}.Release|Any CPU.Build.0 = Release|Any CPU
		{C377D3F6-D54F-4632-9885-C3F89E850EAA}.Debug|Any CPU.ActiveCfg = Debug|Any CPU
		{C377D3F6-D54F-4632-9885-C3F89E850EAA}.Debug|Any CPU.Build.0 = Debug|Any CPU
		{C377D3F6-D54F-4632-9885-C3F89E850EAA}.Release|Any CPU.ActiveCfg = Release|Any CPU
		{C377D3F6-D54F-4632-9885-C3F89E850EAA}.Release|Any CPU.Build.0 = Release|Any CPU
		{9BE3F5E0-92CA-4E3F-9131-5C8D8DEB740A}.Debug|Any CPU.ActiveCfg = Debug|Any CPU
		{9BE3F5E0-92CA-4E3F-9131-5C8D8DEB740A}.Debug|Any CPU.Build.0 = Debug|Any CPU
		{9BE3F5E0-92CA-4E3F-9131-5C8D8DEB740A}.Release|Any CPU.ActiveCfg = Release|Any CPU
		{9BE3F5E0-92CA-4E3F-9131-5C8D8DEB740A}.Release|Any CPU.Build.0 = Release|Any CPU
		{08D53835-2E04-4E71-B395-CA4F567ED26C}.Debug|Any CPU.ActiveCfg = Debug|Any CPU
		{08D53835-2E04-4E71-B395-CA4F567ED26C}.Debug|Any CPU.Build.0 = Debug|Any CPU
		{08D53835-2E04-4E71-B395-CA4F567ED26C}.Release|Any CPU.ActiveCfg = Release|Any CPU
		{08D53835-2E04-4E71-B395-CA4F567ED26C}.Release|Any CPU.Build.0 = Release|Any CPU
		{853AE0BD-05B5-472E-AF7D-7A7F918E808A}.Debug|Any CPU.ActiveCfg = Debug|Any CPU
		{853AE0BD-05B5-472E-AF7D-7A7F918E808A}.Debug|Any CPU.Build.0 = Debug|Any CPU
		{853AE0BD-05B5-472E-AF7D-7A7F918E808A}.Release|Any CPU.ActiveCfg = Release|Any CPU
		{853AE0BD-05B5-472E-AF7D-7A7F918E808A}.Release|Any CPU.Build.0 = Release|Any CPU
	EndGlobalSection
	GlobalSection(SolutionProperties) = preSolution
		HideSolutionNode = FALSE
	EndGlobalSection
	GlobalSection(ExtensibilityGlobals) = postSolution
		SolutionGuid = {79418748-3D6A-4C88-953D-1D8266B381C3}
	EndGlobalSection
EndGlobal
