
Microsoft Visual Studio Solution File, Format Version 12.00
# Visual Studio Version 16
VisualStudioVersion = 16.0.30804.86
MinimumVisualStudioVersion = 10.0.40219.1
Project("{9A19103F-16F7-4668-BE54-9A1E7A4F7556}") = "Day01", "Day01\Day01.csproj", "{3AD1F047-B3A2-44DD-B86A-7C962382680D}"
EndProject
Project("{9A19103F-16F7-4668-BE54-9A1E7A4F7556}") = "Day02", "Day02\Day02.csproj", "{EF85DA30-9DAC-416D-9A43-713C06A74109}"
EndProject
Project("{9A19103F-16F7-4668-BE54-9A1E7A4F7556}") = "Day03", "Day03\Day03.csproj", "{74958B9D-B0BC-4924-A799-50F65619C753}"
EndProject
Project("{9A19103F-16F7-4668-BE54-9A1E7A4F7556}") = "Day04", "Day04\Day04.csproj", "{36B9C5BC-CBF8-4525-BB38-838A80108CA7}"
EndProject
Project("{9A19103F-16F7-4668-BE54-9A1E7A4F7556}") = "Day05", "Day05\Day05.csproj", "{6BA674E8-0B1C-4C6C-9317-31BF1139A7E7}"
EndProject
Global
	GlobalSection(SolutionConfigurationPlatforms) = preSolution
		Debug|Any CPU = Debug|Any CPU
		Release|Any CPU = Release|Any CPU
	EndGlobalSection
	GlobalSection(ProjectConfigurationPlatforms) = postSolution
		{3AD1F047-B3A2-44DD-B86A-7C962382680D}.Debug|Any CPU.ActiveCfg = Debug|Any CPU
		{3AD1F047-B3A2-44DD-B86A-7C962382680D}.Debug|Any CPU.Build.0 = Debug|Any CPU
		{3AD1F047-B3A2-44DD-B86A-7C962382680D}.Release|Any CPU.ActiveCfg = Release|Any CPU
		{3AD1F047-B3A2-44DD-B86A-7C962382680D}.Release|Any CPU.Build.0 = Release|Any CPU
		{EF85DA30-9DAC-416D-9A43-713C06A74109}.Debug|Any CPU.ActiveCfg = Debug|Any CPU
		{EF85DA30-9DAC-416D-9A43-713C06A74109}.Debug|Any CPU.Build.0 = Debug|Any CPU
		{EF85DA30-9DAC-416D-9A43-713C06A74109}.Release|Any CPU.ActiveCfg = Release|Any CPU
		{EF85DA30-9DAC-416D-9A43-713C06A74109}.Release|Any CPU.Build.0 = Release|Any CPU
		{74958B9D-B0BC-4924-A799-50F65619C753}.Debug|Any CPU.ActiveCfg = Debug|Any CPU
		{74958B9D-B0BC-4924-A799-50F65619C753}.Debug|Any CPU.Build.0 = Debug|Any CPU
		{74958B9D-B0BC-4924-A799-50F65619C753}.Release|Any CPU.ActiveCfg = Release|Any CPU
		{74958B9D-B0BC-4924-A799-50F65619C753}.Release|Any CPU.Build.0 = Release|Any CPU
		{36B9C5BC-CBF8-4525-BB38-838A80108CA7}.Debug|Any CPU.ActiveCfg = Debug|Any CPU
		{36B9C5BC-CBF8-4525-BB38-838A80108CA7}.Debug|Any CPU.Build.0 = Debug|Any CPU
		{36B9C5BC-CBF8-4525-BB38-838A80108CA7}.Release|Any CPU.ActiveCfg = Release|Any CPU
		{36B9C5BC-CBF8-4525-BB38-838A80108CA7}.Release|Any CPU.Build.0 = Release|Any CPU
		{6BA674E8-0B1C-4C6C-9317-31BF1139A7E7}.Debug|Any CPU.ActiveCfg = Debug|Any CPU
		{6BA674E8-0B1C-4C6C-9317-31BF1139A7E7}.Debug|Any CPU.Build.0 = Debug|Any CPU
		{6BA674E8-0B1C-4C6C-9317-31BF1139A7E7}.Release|Any CPU.ActiveCfg = Release|Any CPU
		{6BA674E8-0B1C-4C6C-9317-31BF1139A7E7}.Release|Any CPU.Build.0 = Release|Any CPU
	EndGlobalSection
	GlobalSection(SolutionProperties) = preSolution
		HideSolutionNode = FALSE
	EndGlobalSection
	GlobalSection(ExtensibilityGlobals) = postSolution
		SolutionGuid = {79418748-3D6A-4C88-953D-1D8266B381C3}
	EndGlobalSection
EndGlobal
